
Microsoft Visual Studio Solution File, Format Version 12.00
# Visual Studio Version 17
VisualStudioVersion = 17.0.31611.283
MinimumVisualStudioVersion = 10.0.40219.1
Project("{9A19103F-16F7-4668-BE54-9A1E7A4F7556}") = "FullSail", "FullSail\FullSail.csproj", "{DAF8AED2-85C2-4041-9B6B-4FC973A66474}"
EndProject
Project("{FAE04EC0-301F-11D3-BF4B-00C04F79EFBC}") = "FullSail.WebUi.Server", "FullSail.WebUi\Server\FullSail.WebUi.Server.csproj", "{F86B591D-7C95-4043-9844-EAA018EED7D5}"
EndProject
Project("{FAE04EC0-301F-11D3-BF4B-00C04F79EFBC}") = "FullSail.WebUi.Client", "FullSail.WebUi\Client\FullSail.WebUi.Client.csproj", "{0E4D2186-B791-4563-90DD-6F3D68A93D8F}"
EndProject
Project("{FAE04EC0-301F-11D3-BF4B-00C04F79EFBC}") = "FullSail.WebUi.Shared", "FullSail.WebUi\Shared\FullSail.WebUi.Shared.csproj", "{A38ABE1C-964A-4B73-BAD3-87C16686F4AB}"
EndProject
Project("{FAE04EC0-301F-11D3-BF4B-00C04F79EFBC}") = "FullSail.Shared", "FullSail.Shared\FullSail.Shared.csproj", "{F21307F6-95BE-407D-87FA-076AE29E90D8}"
EndProject
Global
	GlobalSection(SolutionConfigurationPlatforms) = preSolution
		Debug|Any CPU = Debug|Any CPU
		Release|Any CPU = Release|Any CPU
	EndGlobalSection
	GlobalSection(ProjectConfigurationPlatforms) = postSolution
		{DAF8AED2-85C2-4041-9B6B-4FC973A66474}.Debug|Any CPU.ActiveCfg = Debug|Any CPU
		{DAF8AED2-85C2-4041-9B6B-4FC973A66474}.Debug|Any CPU.Build.0 = Debug|Any CPU
		{DAF8AED2-85C2-4041-9B6B-4FC973A66474}.Debug|Any CPU.Deploy.0 = Debug|Any CPU
		{DAF8AED2-85C2-4041-9B6B-4FC973A66474}.Release|Any CPU.ActiveCfg = Release|Any CPU
		{DAF8AED2-85C2-4041-9B6B-4FC973A66474}.Release|Any CPU.Build.0 = Release|Any CPU
		{DAF8AED2-85C2-4041-9B6B-4FC973A66474}.Release|Any CPU.Deploy.0 = Release|Any CPU
		{F86B591D-7C95-4043-9844-EAA018EED7D5}.Debug|Any CPU.ActiveCfg = Debug|Any CPU
		{F86B591D-7C95-4043-9844-EAA018EED7D5}.Debug|Any CPU.Build.0 = Debug|Any CPU
		{F86B591D-7C95-4043-9844-EAA018EED7D5}.Release|Any CPU.ActiveCfg = Release|Any CPU
		{F86B591D-7C95-4043-9844-EAA018EED7D5}.Release|Any CPU.Build.0 = Release|Any CPU
		{0E4D2186-B791-4563-90DD-6F3D68A93D8F}.Debug|Any CPU.ActiveCfg = Debug|Any CPU
		{0E4D2186-B791-4563-90DD-6F3D68A93D8F}.Debug|Any CPU.Build.0 = Debug|Any CPU
		{0E4D2186-B791-4563-90DD-6F3D68A93D8F}.Release|Any CPU.ActiveCfg = Release|Any CPU
		{0E4D2186-B791-4563-90DD-6F3D68A93D8F}.Release|Any CPU.Build.0 = Release|Any CPU
		{A38ABE1C-964A-4B73-BAD3-87C16686F4AB}.Debug|Any CPU.ActiveCfg = Debug|Any CPU
		{A38ABE1C-964A-4B73-BAD3-87C16686F4AB}.Debug|Any CPU.Build.0 = Debug|Any CPU
		{A38ABE1C-964A-4B73-BAD3-87C16686F4AB}.Release|Any CPU.ActiveCfg = Release|Any CPU
		{A38ABE1C-964A-4B73-BAD3-87C16686F4AB}.Release|Any CPU.Build.0 = Release|Any CPU
		{F21307F6-95BE-407D-87FA-076AE29E90D8}.Debug|Any CPU.ActiveCfg = Debug|Any CPU
		{F21307F6-95BE-407D-87FA-076AE29E90D8}.Debug|Any CPU.Build.0 = Debug|Any CPU
		{F21307F6-95BE-407D-87FA-076AE29E90D8}.Release|Any CPU.ActiveCfg = Release|Any CPU
		{F21307F6-95BE-407D-87FA-076AE29E90D8}.Release|Any CPU.Build.0 = Release|Any CPU
	EndGlobalSection
	GlobalSection(SolutionProperties) = preSolution
		HideSolutionNode = FALSE
	EndGlobalSection
	GlobalSection(ExtensibilityGlobals) = postSolution
		SolutionGuid = {61F7FB11-1E47-470C-91E2-47F8143E1572}
	EndGlobalSection
EndGlobal
